
Microsoft Visual Studio Solution File, Format Version 12.00
# Visual Studio Version 17
VisualStudioVersion = 17.11.35222.181
MinimumVisualStudioVersion = 10.0.40219.1
Project("{FAE04EC0-301F-11D3-BF4B-00C04F79EFBC}") = "CST350_Milestone", "CST350_Milestone\CST350_Milestone.csproj", "{DAA2C870-9974-4D74-86CC-190DF154E989}"
EndProject
Global
	GlobalSection(SolutionConfigurationPlatforms) = preSolution
		Debug|Any CPU = Debug|Any CPU
		Release|Any CPU = Release|Any CPU
	EndGlobalSection
	GlobalSection(ProjectConfigurationPlatforms) = postSolution
		{DAA2C870-9974-4D74-86CC-190DF154E989}.Debug|Any CPU.ActiveCfg = Debug|Any CPU
		{DAA2C870-9974-4D74-86CC-190DF154E989}.Debug|Any CPU.Build.0 = Debug|Any CPU
		{DAA2C870-9974-4D74-86CC-190DF154E989}.Release|Any CPU.ActiveCfg = Release|Any CPU
		{DAA2C870-9974-4D74-86CC-190DF154E989}.Release|Any CPU.Build.0 = Release|Any CPU
	EndGlobalSection
	GlobalSection(SolutionProperties) = preSolution
		HideSolutionNode = FALSE
	EndGlobalSection
	GlobalSection(ExtensibilityGlobals) = postSolution
		SolutionGuid = {2CBE7D96-0146-4F88-B2FE-89E98E2EB19B}
	EndGlobalSection
EndGlobal
